
Microsoft Visual Studio Solution File, Format Version 12.00
# Visual Studio Version 16
VisualStudioVersion = 16.0.31424.327
MinimumVisualStudioVersion = 10.0.40219.1
Project("{FAE04EC0-301F-11D3-BF4B-00C04F79EFBC}") = "pizza_fyard", "pizza_fyard\pizza_fyard.csproj", "{29A71982-B181-4DB1-A17A-CC61C76EE94A}"
EndProject
Global
	GlobalSection(SolutionConfigurationPlatforms) = preSolution
		Debug|Any CPU = Debug|Any CPU
		Release|Any CPU = Release|Any CPU
	EndGlobalSection
	GlobalSection(ProjectConfigurationPlatforms) = postSolution
		{29A71982-B181-4DB1-A17A-CC61C76EE94A}.Debug|Any CPU.ActiveCfg = Debug|Any CPU
		{29A71982-B181-4DB1-A17A-CC61C76EE94A}.Debug|Any CPU.Build.0 = Debug|Any CPU
		{29A71982-B181-4DB1-A17A-CC61C76EE94A}.Release|Any CPU.ActiveCfg = Release|Any CPU
		{29A71982-B181-4DB1-A17A-CC61C76EE94A}.Release|Any CPU.Build.0 = Release|Any CPU
	EndGlobalSection
	GlobalSection(SolutionProperties) = preSolution
		HideSolutionNode = FALSE
	EndGlobalSection
	GlobalSection(ExtensibilityGlobals) = postSolution
		SolutionGuid = {3782C57C-090F-419F-A621-A026D2A43CA9}
	EndGlobalSection
EndGlobal
